
Microsoft Visual Studio Solution File, Format Version 12.00
# Visual Studio Version 17
VisualStudioVersion = 17.13.35931.197 d17.13
MinimumVisualStudioVersion = 10.0.40219.1
Project("{FAE04EC0-301F-11D3-BF4B-00C04F79EFBC}") = "RazorPagesFeatures", "RazorPagesFeatures.csproj", "{2B811D9D-E1DB-4C4B-A9EA-D379C81246FB}"
EndProject
Global
	GlobalSection(SolutionConfigurationPlatforms) = preSolution
		Debug|Any CPU = Debug|Any CPU
		Release|Any CPU = Release|Any CPU
	EndGlobalSection
	GlobalSection(ProjectConfigurationPlatforms) = postSolution
		{2B811D9D-E1DB-4C4B-A9EA-D379C81246FB}.Debug|Any CPU.ActiveCfg = Debug|Any CPU
		{2B811D9D-E1DB-4C4B-A9EA-D379C81246FB}.Debug|Any CPU.Build.0 = Debug|Any CPU
		{2B811D9D-E1DB-4C4B-A9EA-D379C81246FB}.Release|Any CPU.ActiveCfg = Release|Any CPU
		{2B811D9D-E1DB-4C4B-A9EA-D379C81246FB}.Release|Any CPU.Build.0 = Release|Any CPU
	EndGlobalSection
	GlobalSection(SolutionProperties) = preSolution
		HideSolutionNode = FALSE
	EndGlobalSection
	GlobalSection(ExtensibilityGlobals) = postSolution
		SolutionGuid = {8A7C648F-B478-4545-B53F-2AD79AD98F4F}
	EndGlobalSection
EndGlobal
